// !$*UTF8*$!
{
	archiveVersion = 1;
	classes = {
	};
	objectVersion = 55;
	objects = {

/* Begin PBXBuildFile section */
		469ADB8C9A45BAC907749999 /* Pods_ArmyFitViewCode.framework in Frameworks */ = {isa = PBXBuildFile; fileRef = B3C6DB05B251155A1F385446 /* Pods_ArmyFitViewCode.framework */; };
		71E5AA7124B68960AB6838C6 /* Pods_ArmyFitViewCode_ArmyFitViewCodeUITests.framework in Frameworks */ = {isa = PBXBuildFile; fileRef = 0152B487CC08AC58CAC7A54E /* Pods_ArmyFitViewCode_ArmyFitViewCodeUITests.framework */; };
		CC23F1BC28F8BC05005F6667 /* UserDefaults+Extension.swift in Sources */ = {isa = PBXBuildFile; fileRef = CC23F1BB28F8BC05005F6667 /* UserDefaults+Extension.swift */; };
		CC23F1C228F8CD32005F6667 /* ProfileScreen.swift in Sources */ = {isa = PBXBuildFile; fileRef = CC23F1C128F8CD32005F6667 /* ProfileScreen.swift */; };
		CC23F1C528F8D062005F6667 /* ProfileViewModel.swift in Sources */ = {isa = PBXBuildFile; fileRef = CC23F1C428F8D062005F6667 /* ProfileViewModel.swift */; };
		CC39388528E5EA9000CB3DBB /* UITableView+Extensions.swift in Sources */ = {isa = PBXBuildFile; fileRef = CC39388428E5EA9000CB3DBB /* UITableView+Extensions.swift */; };
		CC39388828E5EADF00CB3DBB /* ProfileCell.swift in Sources */ = {isa = PBXBuildFile; fileRef = CC39388728E5EADF00CB3DBB /* ProfileCell.swift */; };
		CC39EBEE28E3FA6F005AE3AB /* AppDelegate.swift in Sources */ = {isa = PBXBuildFile; fileRef = CC39EBED28E3FA6F005AE3AB /* AppDelegate.swift */; };
		CC39EBF028E3FA6F005AE3AB /* SceneDelegate.swift in Sources */ = {isa = PBXBuildFile; fileRef = CC39EBEF28E3FA6F005AE3AB /* SceneDelegate.swift */; };
		CC39EBF728E3FA70005AE3AB /* Assets.xcassets in Resources */ = {isa = PBXBuildFile; fileRef = CC39EBF628E3FA70005AE3AB /* Assets.xcassets */; };
		CC39EBFA28E3FA70005AE3AB /* LaunchScreen.storyboard in Resources */ = {isa = PBXBuildFile; fileRef = CC39EBF828E3FA70005AE3AB /* LaunchScreen.storyboard */; };
		CC39EC0528E3FA70005AE3AB /* ArmyFitViewCodeTests.swift in Sources */ = {isa = PBXBuildFile; fileRef = CC39EC0428E3FA70005AE3AB /* ArmyFitViewCodeTests.swift */; };
		CC39EC0F28E3FA70005AE3AB /* ArmyFitViewCodeUITests.swift in Sources */ = {isa = PBXBuildFile; fileRef = CC39EC0E28E3FA70005AE3AB /* ArmyFitViewCodeUITests.swift */; };
		CC39EC1128E3FA70005AE3AB /* ArmyFitViewCodeUITestsLaunchTests.swift in Sources */ = {isa = PBXBuildFile; fileRef = CC39EC1028E3FA70005AE3AB /* ArmyFitViewCodeUITestsLaunchTests.swift */; };
		CC57477F290B6EE300B272B9 /* UserDetailCell.swift in Sources */ = {isa = PBXBuildFile; fileRef = CC57477E290B6EE300B272B9 /* UserDetailCell.swift */; };
		CC574782290B76CB00B272B9 /* ScheduleDetailViewModel.swift in Sources */ = {isa = PBXBuildFile; fileRef = CC574781290B76CB00B272B9 /* ScheduleDetailViewModel.swift */; };
		CC574784290B774B00B272B9 /* RegisterTrainingViewModel.swift in Sources */ = {isa = PBXBuildFile; fileRef = CC574783290B774B00B272B9 /* RegisterTrainingViewModel.swift */; };
		CC585DB428E513DF008E78BB /* RegisterViewController.swift in Sources */ = {isa = PBXBuildFile; fileRef = CC585DB328E513DF008E78BB /* RegisterViewController.swift */; };
		CC585DB728E52032008E78BB /* UIViewControllerExtensions.swift in Sources */ = {isa = PBXBuildFile; fileRef = CC585DB628E52032008E78BB /* UIViewControllerExtensions.swift */; };
		CC585DB928E52281008E78BB /* TabBarViewController.swift in Sources */ = {isa = PBXBuildFile; fileRef = CC585DB828E52281008E78BB /* TabBarViewController.swift */; };
		CC585DBB28E522C8008E78BB /* FeedViewController.swift in Sources */ = {isa = PBXBuildFile; fileRef = CC585DBA28E522C8008E78BB /* FeedViewController.swift */; };
		CC585DBD28E522DD008E78BB /* ScheduleViewController.swift in Sources */ = {isa = PBXBuildFile; fileRef = CC585DBC28E522DD008E78BB /* ScheduleViewController.swift */; };
		CC585DBF28E522F0008E78BB /* TrainingViewController.swift in Sources */ = {isa = PBXBuildFile; fileRef = CC585DBE28E522F0008E78BB /* TrainingViewController.swift */; };
		CC585DC128E52318008E78BB /* ProfileViewController.swift in Sources */ = {isa = PBXBuildFile; fileRef = CC585DC028E52318008E78BB /* ProfileViewController.swift */; };
		CC59034628FC93E200C9FEB1 /* DateCell.swift in Sources */ = {isa = PBXBuildFile; fileRef = CC59034528FC93E200C9FEB1 /* DateCell.swift */; };
		CC59034828FC93FB00C9FEB1 /* ScheduleCell.swift in Sources */ = {isa = PBXBuildFile; fileRef = CC59034728FC93FB00C9FEB1 /* ScheduleCell.swift */; };
		CC59034C28FC943D00C9FEB1 /* ScheduleScreen.swift in Sources */ = {isa = PBXBuildFile; fileRef = CC59034B28FC943D00C9FEB1 /* ScheduleScreen.swift */; };
		CC59034E28FC995100C9FEB1 /* UICollectionView+Extension.swift in Sources */ = {isa = PBXBuildFile; fileRef = CC59034D28FC995100C9FEB1 /* UICollectionView+Extension.swift */; };
		CC59035028FCC8D800C9FEB1 /* SchedulesViewModel.swift in Sources */ = {isa = PBXBuildFile; fileRef = CC59034F28FCC8D800C9FEB1 /* SchedulesViewModel.swift */; };
		CC59035228FCCA6F00C9FEB1 /* ScheduleViewModel.swift in Sources */ = {isa = PBXBuildFile; fileRef = CC59035128FCCA6F00C9FEB1 /* ScheduleViewModel.swift */; };
		CC59035528FCCC2200C9FEB1 /* TrainingHoursService.swift in Sources */ = {isa = PBXBuildFile; fileRef = CC59035428FCCC2200C9FEB1 /* TrainingHoursService.swift */; };
		CC59035728FCCD3700C9FEB1 /* String+Extension.swift in Sources */ = {isa = PBXBuildFile; fileRef = CC59035628FCCD3700C9FEB1 /* String+Extension.swift */; };
		CC59035928FCCDE400C9FEB1 /* Date+Extension.swift in Sources */ = {isa = PBXBuildFile; fileRef = CC59035828FCCDE400C9FEB1 /* Date+Extension.swift */; };
		CC59035B28FCF29F00C9FEB1 /* DayViewModel.swift in Sources */ = {isa = PBXBuildFile; fileRef = CC59035A28FCF29F00C9FEB1 /* DayViewModel.swift */; };
		CC59A9262910AAD30040B83D /* FeedScreen.swift in Sources */ = {isa = PBXBuildFile; fileRef = CC59A9252910AAD30040B83D /* FeedScreen.swift */; };
		CC59A9282910B32A0040B83D /* PostCell.swift in Sources */ = {isa = PBXBuildFile; fileRef = CC59A9272910B32A0040B83D /* PostCell.swift */; };
		CC59A92B2910C31E0040B83D /* PostViewModel.swift in Sources */ = {isa = PBXBuildFile; fileRef = CC59A92A2910C31E0040B83D /* PostViewModel.swift */; };
		CC59A92D2910C4F10040B83D /* FeedViewModel.swift in Sources */ = {isa = PBXBuildFile; fileRef = CC59A92C2910C4F10040B83D /* FeedViewModel.swift */; };
		CC59A92F2910C53E0040B83D /* PostService.swift in Sources */ = {isa = PBXBuildFile; fileRef = CC59A92E2910C53E0040B83D /* PostService.swift */; };
		CC67D93328E69CD500AC90A0 /* TrainingCell.swift in Sources */ = {isa = PBXBuildFile; fileRef = CC67D93228E69CD500AC90A0 /* TrainingCell.swift */; };
		CC6B49A42909F13800CBA70E /* ScheduleDetailScreen.swift in Sources */ = {isa = PBXBuildFile; fileRef = CC6B49A32909F13800CBA70E /* ScheduleDetailScreen.swift */; };
		CC6B49A62909F3B900CBA70E /* ScheduleDetailViewController.swift in Sources */ = {isa = PBXBuildFile; fileRef = CC6B49A52909F3B900CBA70E /* ScheduleDetailViewController.swift */; };
		CC9B5FEF28EA90D6004F4B55 /* Errors.swift in Sources */ = {isa = PBXBuildFile; fileRef = CC9B5FEE28EA90D6004F4B55 /* Errors.swift */; };
		CCB8809F28F63467007EF254 /* LoginViewModel.swift in Sources */ = {isa = PBXBuildFile; fileRef = CCB8809E28F63467007EF254 /* LoginViewModel.swift */; };
		CCC955C628E3FF9F0019250F /* LoginViewController.swift in Sources */ = {isa = PBXBuildFile; fileRef = CCC955C528E3FF9F0019250F /* LoginViewController.swift */; };
		CCC955C928E4053E0019250F /* ViewCode.swift in Sources */ = {isa = PBXBuildFile; fileRef = CCC955C828E4053E0019250F /* ViewCode.swift */; };
		CCEC5F83290DA22B00C95431 /* TrainingViewModel.swift in Sources */ = {isa = PBXBuildFile; fileRef = CCEC5F82290DA22B00C95431 /* TrainingViewModel.swift */; };
		CCF14E5E290C96AE0048FF5E /* TrainingScreen.swift in Sources */ = {isa = PBXBuildFile; fileRef = CCF14E5D290C96AE0048FF5E /* TrainingScreen.swift */; };
		CCF14E61290C9B620048FF5E /* TrainingsViewModel.swift in Sources */ = {isa = PBXBuildFile; fileRef = CCF14E60290C9B620048FF5E /* TrainingsViewModel.swift */; };
		CCF14E63290C9BAC0048FF5E /* TrainingUserSection.swift in Sources */ = {isa = PBXBuildFile; fileRef = CCF14E62290C9BAC0048FF5E /* TrainingUserSection.swift */; };
		CCF14E65290C9BD50048FF5E /* TrainingDetailViewModel.swift in Sources */ = {isa = PBXBuildFile; fileRef = CCF14E64290C9BD50048FF5E /* TrainingDetailViewModel.swift */; };
		CCF14E69290CC81F0048FF5E /* TrainingDetailViewController.swift in Sources */ = {isa = PBXBuildFile; fileRef = CCF14E68290CC81F0048FF5E /* TrainingDetailViewController.swift */; };
		CCF14E6B290CC8310048FF5E /* TrainingDetailScreen.swift in Sources */ = {isa = PBXBuildFile; fileRef = CCF14E6A290CC8310048FF5E /* TrainingDetailScreen.swift */; };
		CCFEAEA128EB38160013D34F /* AuthService.swift in Sources */ = {isa = PBXBuildFile; fileRef = CCFEAEA028EB38160013D34F /* AuthService.swift */; };
		CCFEAEA328EB39890013D34F /* User.swift in Sources */ = {isa = PBXBuildFile; fileRef = CCFEAEA228EB39890013D34F /* User.swift */; };
		CCFEAEA628EB3AAB0013D34F /* Authentication.swift in Sources */ = {isa = PBXBuildFile; fileRef = CCFEAEA528EB3AAB0013D34F /* Authentication.swift */; };
		CCFEAEA828EB3AC10013D34F /* UserResponse.swift in Sources */ = {isa = PBXBuildFile; fileRef = CCFEAEA728EB3AC10013D34F /* UserResponse.swift */; };
		CCFEAEB928EB3BD90013D34F /* Post.swift in Sources */ = {isa = PBXBuildFile; fileRef = CCFEAEB828EB3BD90013D34F /* Post.swift */; };
		CCFEAEBB28EB3BE40013D34F /* LikePost.swift in Sources */ = {isa = PBXBuildFile; fileRef = CCFEAEBA28EB3BE40013D34F /* LikePost.swift */; };
		CCFEAEBD28EB3BEF0013D34F /* CommentPost.swift in Sources */ = {isa = PBXBuildFile; fileRef = CCFEAEBC28EB3BEF0013D34F /* CommentPost.swift */; };
		CCFEAEC028EB3C4C0013D34F /* Training.swift in Sources */ = {isa = PBXBuildFile; fileRef = CCFEAEBF28EB3C4C0013D34F /* Training.swift */; };
		CCFEAEC228EB3C5D0013D34F /* TrainingUser.swift in Sources */ = {isa = PBXBuildFile; fileRef = CCFEAEC128EB3C5D0013D34F /* TrainingUser.swift */; };
		CCFEAEC428EB3C6E0013D34F /* TrainingHours.swift in Sources */ = {isa = PBXBuildFile; fileRef = CCFEAEC328EB3C6E0013D34F /* TrainingHours.swift */; };
		CCFEAEC728EB87370013D34F /* RegisterScreen.swift in Sources */ = {isa = PBXBuildFile; fileRef = CCFEAEC628EB87370013D34F /* RegisterScreen.swift */; };
		CCFEAEC928EB8E9C0013D34F /* RegisterViewModel.swift in Sources */ = {isa = PBXBuildFile; fileRef = CCFEAEC828EB8E9C0013D34F /* RegisterViewModel.swift */; };
		CCFEAECE28EBC9970013D34F /* LoginScreen.swift in Sources */ = {isa = PBXBuildFile; fileRef = CCFEAECD28EBC9970013D34F /* LoginScreen.swift */; };
		D2F1DA9D20BA8E9F6403BC8E /* Pods_ArmyFitViewCodeTests.framework in Frameworks */ = {isa = PBXBuildFile; fileRef = 7751014B4C86C8F93A3CDA54 /* Pods_ArmyFitViewCodeTests.framework */; };
/* End PBXBuildFile section */

/* Begin PBXContainerItemProxy section */
		CC39EC0128E3FA70005AE3AB /* PBXContainerItemProxy */ = {
			isa = PBXContainerItemProxy;
			containerPortal = CC39EBE228E3FA6F005AE3AB /* Project object */;
			proxyType = 1;
			remoteGlobalIDString = CC39EBE928E3FA6F005AE3AB;
			remoteInfo = ArmyFitViewCode;
		};
		CC39EC0B28E3FA70005AE3AB /* PBXContainerItemProxy */ = {
			isa = PBXContainerItemProxy;
			containerPortal = CC39EBE228E3FA6F005AE3AB /* Project object */;
			proxyType = 1;
			remoteGlobalIDString = CC39EBE928E3FA6F005AE3AB;
			remoteInfo = ArmyFitViewCode;
		};
/* End PBXContainerItemProxy section */

/* Begin PBXFileReference section */
		0152B487CC08AC58CAC7A54E /* Pods_ArmyFitViewCode_ArmyFitViewCodeUITests.framework */ = {isa = PBXFileReference; explicitFileType = wrapper.framework; includeInIndex = 0; path = Pods_ArmyFitViewCode_ArmyFitViewCodeUITests.framework; sourceTree = BUILT_PRODUCTS_DIR; };
		70DC0673F3CECCC5EB9B3DF7 /* Pods-ArmyFitViewCodeTests.debug.xcconfig */ = {isa = PBXFileReference; includeInIndex = 1; lastKnownFileType = text.xcconfig; name = "Pods-ArmyFitViewCodeTests.debug.xcconfig"; path = "Target Support Files/Pods-ArmyFitViewCodeTests/Pods-ArmyFitViewCodeTests.debug.xcconfig"; sourceTree = "<group>"; };
		7751014B4C86C8F93A3CDA54 /* Pods_ArmyFitViewCodeTests.framework */ = {isa = PBXFileReference; explicitFileType = wrapper.framework; includeInIndex = 0; path = Pods_ArmyFitViewCodeTests.framework; sourceTree = BUILT_PRODUCTS_DIR; };
		8FCB81BFB81471819D96806E /* Pods-ArmyFitViewCodeTests.release.xcconfig */ = {isa = PBXFileReference; includeInIndex = 1; lastKnownFileType = text.xcconfig; name = "Pods-ArmyFitViewCodeTests.release.xcconfig"; path = "Target Support Files/Pods-ArmyFitViewCodeTests/Pods-ArmyFitViewCodeTests.release.xcconfig"; sourceTree = "<group>"; };
		A2518B88527715C0C53946C6 /* Pods-ArmyFitViewCode-ArmyFitViewCodeUITests.debug.xcconfig */ = {isa = PBXFileReference; includeInIndex = 1; lastKnownFileType = text.xcconfig; name = "Pods-ArmyFitViewCode-ArmyFitViewCodeUITests.debug.xcconfig"; path = "Target Support Files/Pods-ArmyFitViewCode-ArmyFitViewCodeUITests/Pods-ArmyFitViewCode-ArmyFitViewCodeUITests.debug.xcconfig"; sourceTree = "<group>"; };
		A59C172229001CC33AD16DB7 /* Pods-ArmyFitViewCode.release.xcconfig */ = {isa = PBXFileReference; includeInIndex = 1; lastKnownFileType = text.xcconfig; name = "Pods-ArmyFitViewCode.release.xcconfig"; path = "Target Support Files/Pods-ArmyFitViewCode/Pods-ArmyFitViewCode.release.xcconfig"; sourceTree = "<group>"; };
		B3C6DB05B251155A1F385446 /* Pods_ArmyFitViewCode.framework */ = {isa = PBXFileReference; explicitFileType = wrapper.framework; includeInIndex = 0; path = Pods_ArmyFitViewCode.framework; sourceTree = BUILT_PRODUCTS_DIR; };
		BBBFFCF7FEE1CEF4EBBC8ED2 /* Pods-ArmyFitViewCode.debug.xcconfig */ = {isa = PBXFileReference; includeInIndex = 1; lastKnownFileType = text.xcconfig; name = "Pods-ArmyFitViewCode.debug.xcconfig"; path = "Target Support Files/Pods-ArmyFitViewCode/Pods-ArmyFitViewCode.debug.xcconfig"; sourceTree = "<group>"; };
		CC23F1BB28F8BC05005F6667 /* UserDefaults+Extension.swift */ = {isa = PBXFileReference; lastKnownFileType = sourcecode.swift; path = "UserDefaults+Extension.swift"; sourceTree = "<group>"; };
		CC23F1C128F8CD32005F6667 /* ProfileScreen.swift */ = {isa = PBXFileReference; lastKnownFileType = sourcecode.swift; path = ProfileScreen.swift; sourceTree = "<group>"; };
		CC23F1C428F8D062005F6667 /* ProfileViewModel.swift */ = {isa = PBXFileReference; lastKnownFileType = sourcecode.swift; path = ProfileViewModel.swift; sourceTree = "<group>"; };
		CC39388428E5EA9000CB3DBB /* UITableView+Extensions.swift */ = {isa = PBXFileReference; lastKnownFileType = sourcecode.swift; path = "UITableView+Extensions.swift"; sourceTree = "<group>"; };
		CC39388728E5EADF00CB3DBB /* ProfileCell.swift */ = {isa = PBXFileReference; lastKnownFileType = sourcecode.swift; path = ProfileCell.swift; sourceTree = "<group>"; };
		CC39EBEA28E3FA6F005AE3AB /* ArmyFitViewCode.app */ = {isa = PBXFileReference; explicitFileType = wrapper.application; includeInIndex = 0; path = ArmyFitViewCode.app; sourceTree = BUILT_PRODUCTS_DIR; };
		CC39EBED28E3FA6F005AE3AB /* AppDelegate.swift */ = {isa = PBXFileReference; lastKnownFileType = sourcecode.swift; path = AppDelegate.swift; sourceTree = "<group>"; };
		CC39EBEF28E3FA6F005AE3AB /* SceneDelegate.swift */ = {isa = PBXFileReference; lastKnownFileType = sourcecode.swift; path = SceneDelegate.swift; sourceTree = "<group>"; };
		CC39EBF628E3FA70005AE3AB /* Assets.xcassets */ = {isa = PBXFileReference; lastKnownFileType = folder.assetcatalog; path = Assets.xcassets; sourceTree = "<group>"; };
		CC39EBFB28E3FA70005AE3AB /* Info.plist */ = {isa = PBXFileReference; lastKnownFileType = text.plist.xml; path = Info.plist; sourceTree = "<group>"; };
		CC39EC0028E3FA70005AE3AB /* ArmyFitViewCodeTests.xctest */ = {isa = PBXFileReference; explicitFileType = wrapper.cfbundle; includeInIndex = 0; path = ArmyFitViewCodeTests.xctest; sourceTree = BUILT_PRODUCTS_DIR; };
		CC39EC0428E3FA70005AE3AB /* ArmyFitViewCodeTests.swift */ = {isa = PBXFileReference; lastKnownFileType = sourcecode.swift; path = ArmyFitViewCodeTests.swift; sourceTree = "<group>"; };
		CC39EC0A28E3FA70005AE3AB /* ArmyFitViewCodeUITests.xctest */ = {isa = PBXFileReference; explicitFileType = wrapper.cfbundle; includeInIndex = 0; path = ArmyFitViewCodeUITests.xctest; sourceTree = BUILT_PRODUCTS_DIR; };
		CC39EC0E28E3FA70005AE3AB /* ArmyFitViewCodeUITests.swift */ = {isa = PBXFileReference; lastKnownFileType = sourcecode.swift; path = ArmyFitViewCodeUITests.swift; sourceTree = "<group>"; };
		CC39EC1028E3FA70005AE3AB /* ArmyFitViewCodeUITestsLaunchTests.swift */ = {isa = PBXFileReference; lastKnownFileType = sourcecode.swift; path = ArmyFitViewCodeUITestsLaunchTests.swift; sourceTree = "<group>"; };
		CC57477E290B6EE300B272B9 /* UserDetailCell.swift */ = {isa = PBXFileReference; lastKnownFileType = sourcecode.swift; path = UserDetailCell.swift; sourceTree = "<group>"; };
		CC574781290B76CB00B272B9 /* ScheduleDetailViewModel.swift */ = {isa = PBXFileReference; lastKnownFileType = sourcecode.swift; path = ScheduleDetailViewModel.swift; sourceTree = "<group>"; };
		CC574783290B774B00B272B9 /* RegisterTrainingViewModel.swift */ = {isa = PBXFileReference; lastKnownFileType = sourcecode.swift; path = RegisterTrainingViewModel.swift; sourceTree = "<group>"; };
		CC585DB328E513DF008E78BB /* RegisterViewController.swift */ = {isa = PBXFileReference; lastKnownFileType = sourcecode.swift; path = RegisterViewController.swift; sourceTree = "<group>"; };
		CC585DB628E52032008E78BB /* UIViewControllerExtensions.swift */ = {isa = PBXFileReference; lastKnownFileType = sourcecode.swift; path = UIViewControllerExtensions.swift; sourceTree = "<group>"; };
		CC585DB828E52281008E78BB /* TabBarViewController.swift */ = {isa = PBXFileReference; lastKnownFileType = sourcecode.swift; path = TabBarViewController.swift; sourceTree = "<group>"; };
		CC585DBA28E522C8008E78BB /* FeedViewController.swift */ = {isa = PBXFileReference; lastKnownFileType = sourcecode.swift; path = FeedViewController.swift; sourceTree = "<group>"; };
		CC585DBC28E522DD008E78BB /* ScheduleViewController.swift */ = {isa = PBXFileReference; lastKnownFileType = sourcecode.swift; path = ScheduleViewController.swift; sourceTree = "<group>"; };
		CC585DBE28E522F0008E78BB /* TrainingViewController.swift */ = {isa = PBXFileReference; lastKnownFileType = sourcecode.swift; path = TrainingViewController.swift; sourceTree = "<group>"; };
		CC585DC028E52318008E78BB /* ProfileViewController.swift */ = {isa = PBXFileReference; lastKnownFileType = sourcecode.swift; path = ProfileViewController.swift; sourceTree = "<group>"; };
		CC59034528FC93E200C9FEB1 /* DateCell.swift */ = {isa = PBXFileReference; lastKnownFileType = sourcecode.swift; path = DateCell.swift; sourceTree = "<group>"; };
		CC59034728FC93FB00C9FEB1 /* ScheduleCell.swift */ = {isa = PBXFileReference; lastKnownFileType = sourcecode.swift; path = ScheduleCell.swift; sourceTree = "<group>"; };
		CC59034B28FC943D00C9FEB1 /* ScheduleScreen.swift */ = {isa = PBXFileReference; lastKnownFileType = sourcecode.swift; path = ScheduleScreen.swift; sourceTree = "<group>"; };
		CC59034D28FC995100C9FEB1 /* UICollectionView+Extension.swift */ = {isa = PBXFileReference; lastKnownFileType = sourcecode.swift; path = "UICollectionView+Extension.swift"; sourceTree = "<group>"; };
		CC59034F28FCC8D800C9FEB1 /* SchedulesViewModel.swift */ = {isa = PBXFileReference; lastKnownFileType = sourcecode.swift; path = SchedulesViewModel.swift; sourceTree = "<group>"; };
		CC59035128FCCA6F00C9FEB1 /* ScheduleViewModel.swift */ = {isa = PBXFileReference; lastKnownFileType = sourcecode.swift; path = ScheduleViewModel.swift; sourceTree = "<group>"; };
		CC59035428FCCC2200C9FEB1 /* TrainingHoursService.swift */ = {isa = PBXFileReference; lastKnownFileType = sourcecode.swift; path = TrainingHoursService.swift; sourceTree = "<group>"; };
		CC59035628FCCD3700C9FEB1 /* String+Extension.swift */ = {isa = PBXFileReference; lastKnownFileType = sourcecode.swift; path = "String+Extension.swift"; sourceTree = "<group>"; };
		CC59035828FCCDE400C9FEB1 /* Date+Extension.swift */ = {isa = PBXFileReference; lastKnownFileType = sourcecode.swift; path = "Date+Extension.swift"; sourceTree = "<group>"; };
		CC59035A28FCF29F00C9FEB1 /* DayViewModel.swift */ = {isa = PBXFileReference; lastKnownFileType = sourcecode.swift; path = DayViewModel.swift; sourceTree = "<group>"; };
		CC59A9252910AAD30040B83D /* FeedScreen.swift */ = {isa = PBXFileReference; lastKnownFileType = sourcecode.swift; path = FeedScreen.swift; sourceTree = "<group>"; };
		CC59A9272910B32A0040B83D /* PostCell.swift */ = {isa = PBXFileReference; lastKnownFileType = sourcecode.swift; path = PostCell.swift; sourceTree = "<group>"; };
		CC59A92A2910C31E0040B83D /* PostViewModel.swift */ = {isa = PBXFileReference; lastKnownFileType = sourcecode.swift; path = PostViewModel.swift; sourceTree = "<group>"; };
		CC59A92C2910C4F10040B83D /* FeedViewModel.swift */ = {isa = PBXFileReference; lastKnownFileType = sourcecode.swift; path = FeedViewModel.swift; sourceTree = "<group>"; };
		CC59A92E2910C53E0040B83D /* PostService.swift */ = {isa = PBXFileReference; fileEncoding = 4; lastKnownFileType = sourcecode.swift; path = PostService.swift; sourceTree = "<group>"; };
		CC67D93228E69CD500AC90A0 /* TrainingCell.swift */ = {isa = PBXFileReference; lastKnownFileType = sourcecode.swift; path = TrainingCell.swift; sourceTree = "<group>"; };
		CC6B499C2909E41100CBA70E /* pt-BR */ = {isa = PBXFileReference; lastKnownFileType = text.plist.strings; name = "pt-BR"; path = "pt-BR.lproj/LaunchScreen.strings"; sourceTree = "<group>"; };
		CC6B499D2909E42A00CBA70E /* pt-BR */ = {isa = PBXFileReference; lastKnownFileType = file.storyboard; name = "pt-BR"; path = "pt-BR.lproj/LaunchScreen.storyboard"; sourceTree = "<group>"; };
		CC6B49A32909F13800CBA70E /* ScheduleDetailScreen.swift */ = {isa = PBXFileReference; lastKnownFileType = sourcecode.swift; path = ScheduleDetailScreen.swift; sourceTree = "<group>"; };
		CC6B49A52909F3B900CBA70E /* ScheduleDetailViewController.swift */ = {isa = PBXFileReference; lastKnownFileType = sourcecode.swift; path = ScheduleDetailViewController.swift; sourceTree = "<group>"; };
		CC9B5FEE28EA90D6004F4B55 /* Errors.swift */ = {isa = PBXFileReference; lastKnownFileType = sourcecode.swift; path = Errors.swift; sourceTree = "<group>"; };
		CCB8809E28F63467007EF254 /* LoginViewModel.swift */ = {isa = PBXFileReference; lastKnownFileType = sourcecode.swift; path = LoginViewModel.swift; sourceTree = "<group>"; };
		CCC955C528E3FF9F0019250F /* LoginViewController.swift */ = {isa = PBXFileReference; lastKnownFileType = sourcecode.swift; path = LoginViewController.swift; sourceTree = "<group>"; };
		CCC955C828E4053E0019250F /* ViewCode.swift */ = {isa = PBXFileReference; lastKnownFileType = sourcecode.swift; path = ViewCode.swift; sourceTree = "<group>"; };
		CCEC5F82290DA22B00C95431 /* TrainingViewModel.swift */ = {isa = PBXFileReference; lastKnownFileType = sourcecode.swift; path = TrainingViewModel.swift; sourceTree = "<group>"; };
		CCF14E5D290C96AE0048FF5E /* TrainingScreen.swift */ = {isa = PBXFileReference; lastKnownFileType = sourcecode.swift; path = TrainingScreen.swift; sourceTree = "<group>"; };
		CCF14E60290C9B620048FF5E /* TrainingsViewModel.swift */ = {isa = PBXFileReference; lastKnownFileType = sourcecode.swift; path = TrainingsViewModel.swift; sourceTree = "<group>"; };
		CCF14E62290C9BAC0048FF5E /* TrainingUserSection.swift */ = {isa = PBXFileReference; lastKnownFileType = sourcecode.swift; path = TrainingUserSection.swift; sourceTree = "<group>"; };
		CCF14E64290C9BD50048FF5E /* TrainingDetailViewModel.swift */ = {isa = PBXFileReference; lastKnownFileType = sourcecode.swift; path = TrainingDetailViewModel.swift; sourceTree = "<group>"; };
		CCF14E68290CC81F0048FF5E /* TrainingDetailViewController.swift */ = {isa = PBXFileReference; lastKnownFileType = sourcecode.swift; path = TrainingDetailViewController.swift; sourceTree = "<group>"; };
		CCF14E6A290CC8310048FF5E /* TrainingDetailScreen.swift */ = {isa = PBXFileReference; lastKnownFileType = sourcecode.swift; path = TrainingDetailScreen.swift; sourceTree = "<group>"; };
		CCFEAEA028EB38160013D34F /* AuthService.swift */ = {isa = PBXFileReference; lastKnownFileType = sourcecode.swift; path = AuthService.swift; sourceTree = "<group>"; };
		CCFEAEA228EB39890013D34F /* User.swift */ = {isa = PBXFileReference; lastKnownFileType = sourcecode.swift; path = User.swift; sourceTree = "<group>"; };
		CCFEAEA528EB3AAB0013D34F /* Authentication.swift */ = {isa = PBXFileReference; lastKnownFileType = sourcecode.swift; path = Authentication.swift; sourceTree = "<group>"; };
		CCFEAEA728EB3AC10013D34F /* UserResponse.swift */ = {isa = PBXFileReference; lastKnownFileType = sourcecode.swift; path = UserResponse.swift; sourceTree = "<group>"; };
		CCFEAEB828EB3BD90013D34F /* Post.swift */ = {isa = PBXFileReference; lastKnownFileType = sourcecode.swift; path = Post.swift; sourceTree = "<group>"; };
		CCFEAEBA28EB3BE40013D34F /* LikePost.swift */ = {isa = PBXFileReference; lastKnownFileType = sourcecode.swift; path = LikePost.swift; sourceTree = "<group>"; };
		CCFEAEBC28EB3BEF0013D34F /* CommentPost.swift */ = {isa = PBXFileReference; lastKnownFileType = sourcecode.swift; path = CommentPost.swift; sourceTree = "<group>"; };
		CCFEAEBF28EB3C4C0013D34F /* Training.swift */ = {isa = PBXFileReference; lastKnownFileType = sourcecode.swift; path = Training.swift; sourceTree = "<group>"; };
		CCFEAEC128EB3C5D0013D34F /* TrainingUser.swift */ = {isa = PBXFileReference; lastKnownFileType = sourcecode.swift; path = TrainingUser.swift; sourceTree = "<group>"; };
		CCFEAEC328EB3C6E0013D34F /* TrainingHours.swift */ = {isa = PBXFileReference; lastKnownFileType = sourcecode.swift; path = TrainingHours.swift; sourceTree = "<group>"; };
		CCFEAEC628EB87370013D34F /* RegisterScreen.swift */ = {isa = PBXFileReference; lastKnownFileType = sourcecode.swift; path = RegisterScreen.swift; sourceTree = "<group>"; };
		CCFEAEC828EB8E9C0013D34F /* RegisterViewModel.swift */ = {isa = PBXFileReference; lastKnownFileType = sourcecode.swift; path = RegisterViewModel.swift; sourceTree = "<group>"; };
		CCFEAECD28EBC9970013D34F /* LoginScreen.swift */ = {isa = PBXFileReference; lastKnownFileType = sourcecode.swift; path = LoginScreen.swift; sourceTree = "<group>"; };
		E8DECF0CD7FC39E035FC6524 /* Pods-ArmyFitViewCode-ArmyFitViewCodeUITests.release.xcconfig */ = {isa = PBXFileReference; includeInIndex = 1; lastKnownFileType = text.xcconfig; name = "Pods-ArmyFitViewCode-ArmyFitViewCodeUITests.release.xcconfig"; path = "Target Support Files/Pods-ArmyFitViewCode-ArmyFitViewCodeUITests/Pods-ArmyFitViewCode-ArmyFitViewCodeUITests.release.xcconfig"; sourceTree = "<group>"; };
/* End PBXFileReference section */

/* Begin PBXFrameworksBuildPhase section */
		CC39EBE728E3FA6F005AE3AB /* Frameworks */ = {
			isa = PBXFrameworksBuildPhase;
			buildActionMask = 2147483647;
			files = (
				469ADB8C9A45BAC907749999 /* Pods_ArmyFitViewCode.framework in Frameworks */,
			);
			runOnlyForDeploymentPostprocessing = 0;
		};
		CC39EBFD28E3FA70005AE3AB /* Frameworks */ = {
			isa = PBXFrameworksBuildPhase;
			buildActionMask = 2147483647;
			files = (
				D2F1DA9D20BA8E9F6403BC8E /* Pods_ArmyFitViewCodeTests.framework in Frameworks */,
			);
			runOnlyForDeploymentPostprocessing = 0;
		};
		CC39EC0728E3FA70005AE3AB /* Frameworks */ = {
			isa = PBXFrameworksBuildPhase;
			buildActionMask = 2147483647;
			files = (
				71E5AA7124B68960AB6838C6 /* Pods_ArmyFitViewCode_ArmyFitViewCodeUITests.framework in Frameworks */,
			);
			runOnlyForDeploymentPostprocessing = 0;
		};
/* End PBXFrameworksBuildPhase section */

/* Begin PBXGroup section */
		55879A88FB438B857AF0F3E0 /* Pods */ = {
			isa = PBXGroup;
			children = (
				BBBFFCF7FEE1CEF4EBBC8ED2 /* Pods-ArmyFitViewCode.debug.xcconfig */,
				A59C172229001CC33AD16DB7 /* Pods-ArmyFitViewCode.release.xcconfig */,
				A2518B88527715C0C53946C6 /* Pods-ArmyFitViewCode-ArmyFitViewCodeUITests.debug.xcconfig */,
				E8DECF0CD7FC39E035FC6524 /* Pods-ArmyFitViewCode-ArmyFitViewCodeUITests.release.xcconfig */,
				70DC0673F3CECCC5EB9B3DF7 /* Pods-ArmyFitViewCodeTests.debug.xcconfig */,
				8FCB81BFB81471819D96806E /* Pods-ArmyFitViewCodeTests.release.xcconfig */,
			);
			path = Pods;
			sourceTree = "<group>";
		};
		A2B2A0232B0F135FE374FA2D /* Frameworks */ = {
			isa = PBXGroup;
			children = (
				B3C6DB05B251155A1F385446 /* Pods_ArmyFitViewCode.framework */,
				0152B487CC08AC58CAC7A54E /* Pods_ArmyFitViewCode_ArmyFitViewCodeUITests.framework */,
				7751014B4C86C8F93A3CDA54 /* Pods_ArmyFitViewCodeTests.framework */,
			);
			name = Frameworks;
			sourceTree = "<group>";
		};
		CC23F1BD28F8CCEB005F6667 /* Screen */ = {
			isa = PBXGroup;
			children = (
				CC23F1C328F8CD3F005F6667 /* Cell */,
				CC23F1C128F8CD32005F6667 /* ProfileScreen.swift */,
			);
			path = Screen;
			sourceTree = "<group>";
		};
		CC23F1C328F8CD3F005F6667 /* Cell */ = {
			isa = PBXGroup;
			children = (
				CC39388728E5EADF00CB3DBB /* ProfileCell.swift */,
			);
			path = Cell;
			sourceTree = "<group>";
		};
		CC39388628E5EAB400CB3DBB /* Profile */ = {
			isa = PBXGroup;
			children = (
				CC23F1BD28F8CCEB005F6667 /* Screen */,
				CC585DC028E52318008E78BB /* ProfileViewController.swift */,
			);
			path = Profile;
			sourceTree = "<group>";
		};
		CC39EBE128E3FA6F005AE3AB = {
			isa = PBXGroup;
			children = (
				CC39EBEC28E3FA6F005AE3AB /* ArmyFitViewCode */,
				CC39EC0328E3FA70005AE3AB /* ArmyFitViewCodeTests */,
				CC39EC0D28E3FA70005AE3AB /* ArmyFitViewCodeUITests */,
				CC39EBEB28E3FA6F005AE3AB /* Products */,
				55879A88FB438B857AF0F3E0 /* Pods */,
				A2B2A0232B0F135FE374FA2D /* Frameworks */,
			);
			sourceTree = "<group>";
		};
		CC39EBEB28E3FA6F005AE3AB /* Products */ = {
			isa = PBXGroup;
			children = (
				CC39EBEA28E3FA6F005AE3AB /* ArmyFitViewCode.app */,
				CC39EC0028E3FA70005AE3AB /* ArmyFitViewCodeTests.xctest */,
				CC39EC0A28E3FA70005AE3AB /* ArmyFitViewCodeUITests.xctest */,
			);
			name = Products;
			sourceTree = "<group>";
		};
		CC39EBEC28E3FA6F005AE3AB /* ArmyFitViewCode */ = {
			isa = PBXGroup;
			children = (
				CC59034328FC89B400C9FEB1 /* Utils */,
				CCC955C428E3FF0F0019250F /* Service */,
				CCC955C228E3FEE20019250F /* Views */,
				CCC955C328E3FEE70019250F /* ViewModels */,
				CC39EBFB28E3FA70005AE3AB /* Info.plist */,
				CCC955C028E3FC510019250F /* Resources */,
				CCC955C728E4052C0019250F /* Common */,
			);
			path = ArmyFitViewCode;
			sourceTree = "<group>";
		};
		CC39EC0328E3FA70005AE3AB /* ArmyFitViewCodeTests */ = {
			isa = PBXGroup;
			children = (
				CC39EC0428E3FA70005AE3AB /* ArmyFitViewCodeTests.swift */,
			);
			path = ArmyFitViewCodeTests;
			sourceTree = "<group>";
		};
		CC39EC0D28E3FA70005AE3AB /* ArmyFitViewCodeUITests */ = {
			isa = PBXGroup;
			children = (
				CC39EC0E28E3FA70005AE3AB /* ArmyFitViewCodeUITests.swift */,
				CC39EC1028E3FA70005AE3AB /* ArmyFitViewCodeUITestsLaunchTests.swift */,
			);
			path = ArmyFitViewCodeUITests;
			sourceTree = "<group>";
		};
		CC574780290B76A800B272B9 /* ScheduleDetail */ = {
			isa = PBXGroup;
			children = (
				CC574781290B76CB00B272B9 /* ScheduleDetailViewModel.swift */,
				CC574783290B774B00B272B9 /* RegisterTrainingViewModel.swift */,
			);
			path = ScheduleDetail;
			sourceTree = "<group>";
		};
		CC585DB528E51FC4008E78BB /* Entensions */ = {
			isa = PBXGroup;
			children = (
				CC585DB628E52032008E78BB /* UIViewControllerExtensions.swift */,
				CC39388428E5EA9000CB3DBB /* UITableView+Extensions.swift */,
				CC23F1BB28F8BC05005F6667 /* UserDefaults+Extension.swift */,
				CC59034D28FC995100C9FEB1 /* UICollectionView+Extension.swift */,
				CC59035628FCCD3700C9FEB1 /* String+Extension.swift */,
				CC59035828FCCDE400C9FEB1 /* Date+Extension.swift */,
			);
			path = Entensions;
			sourceTree = "<group>";
		};
		CC59034328FC89B400C9FEB1 /* Utils */ = {
			isa = PBXGroup;
			children = (
				CC39EBED28E3FA6F005AE3AB /* AppDelegate.swift */,
				CC39EBEF28E3FA6F005AE3AB /* SceneDelegate.swift */,
			);
			path = Utils;
			sourceTree = "<group>";
		};
		CC59034428FC939100C9FEB1 /* Schedule */ = {
			isa = PBXGroup;
			children = (
				CC59034928FC941500C9FEB1 /* Screen */,
				CC585DBC28E522DD008E78BB /* ScheduleViewController.swift */,
			);
			path = Schedule;
			sourceTree = "<group>";
		};
		CC59034928FC941500C9FEB1 /* Screen */ = {
			isa = PBXGroup;
			children = (
				CC59034A28FC941D00C9FEB1 /* Cell */,
				CC59034B28FC943D00C9FEB1 /* ScheduleScreen.swift */,
			);
			path = Screen;
			sourceTree = "<group>";
		};
		CC59034A28FC941D00C9FEB1 /* Cell */ = {
			isa = PBXGroup;
			children = (
				CC59034528FC93E200C9FEB1 /* DateCell.swift */,
				CC59034728FC93FB00C9FEB1 /* ScheduleCell.swift */,
			);
			path = Cell;
			sourceTree = "<group>";
		};
		CC59035328FCCA7700C9FEB1 /* Schedule */ = {
			isa = PBXGroup;
			children = (
				CC59034F28FCC8D800C9FEB1 /* SchedulesViewModel.swift */,
				CC59035128FCCA6F00C9FEB1 /* ScheduleViewModel.swift */,
				CC59035A28FCF29F00C9FEB1 /* DayViewModel.swift */,
			);
			path = Schedule;
			sourceTree = "<group>";
		};
		CC59A9232910AAB00040B83D /* Screen */ = {
			isa = PBXGroup;
			children = (
				CC59A9242910AAB80040B83D /* Cell */,
				CC59A9252910AAD30040B83D /* FeedScreen.swift */,
			);
			path = Screen;
			sourceTree = "<group>";
		};
		CC59A9242910AAB80040B83D /* Cell */ = {
			isa = PBXGroup;
			children = (
				CC59A9272910B32A0040B83D /* PostCell.swift */,
			);
			path = Cell;
			sourceTree = "<group>";
		};
		CC59A9292910C3090040B83D /* Feed */ = {
			isa = PBXGroup;
			children = (
				CC59A92A2910C31E0040B83D /* PostViewModel.swift */,
				CC59A92C2910C4F10040B83D /* FeedViewModel.swift */,
			);
			path = Feed;
			sourceTree = "<group>";
		};
		CC67D93128E69CB600AC90A0 /* Training */ = {
			isa = PBXGroup;
			children = (
				CCF14E5B290C96870048FF5E /* Screen */,
				CC585DBE28E522F0008E78BB /* TrainingViewController.swift */,
			);
			path = Training;
			sourceTree = "<group>";
		};
		CC6B499E2909E66600CBA70E /* ScheduleDetail */ = {
			isa = PBXGroup;
			children = (
				CC6B499F2909E67C00CBA70E /* Screen */,
				CC6B49A52909F3B900CBA70E /* ScheduleDetailViewController.swift */,
			);
			path = ScheduleDetail;
			sourceTree = "<group>";
		};
		CC6B499F2909E67C00CBA70E /* Screen */ = {
			isa = PBXGroup;
			children = (
				CC6B49A02909E68400CBA70E /* Cell */,
				CC6B49A32909F13800CBA70E /* ScheduleDetailScreen.swift */,
			);
			path = Screen;
			sourceTree = "<group>";
		};
		CC6B49A02909E68400CBA70E /* Cell */ = {
			isa = PBXGroup;
			children = (
				CC57477E290B6EE300B272B9 /* UserDetailCell.swift */,
			);
			path = Cell;
			sourceTree = "<group>";
		};
		CC9B5FED28EA90C9004F4B55 /* Constants */ = {
			isa = PBXGroup;
			children = (
				CC9B5FEE28EA90D6004F4B55 /* Errors.swift */,
			);
			path = Constants;
			sourceTree = "<group>";
		};
		CCC955C028E3FC510019250F /* Resources */ = {
			isa = PBXGroup;
			children = (
				CC39EBF628E3FA70005AE3AB /* Assets.xcassets */,
				CC39EBF828E3FA70005AE3AB /* LaunchScreen.storyboard */,
			);
			path = Resources;
			sourceTree = "<group>";
		};
		CCC955C128E3FEAB0019250F /* Models */ = {
			isa = PBXGroup;
			children = (
				CCFEAEA228EB39890013D34F /* User.swift */,
				CCFEAEA428EB3A990013D34F /* Login */,
				CCFEAEB728EB3BCD0013D34F /* Feed */,
				CCFEAEBE28EB3C3A0013D34F /* Training */,
			);
			path = Models;
			sourceTree = "<group>";
		};
		CCC955C228E3FEE20019250F /* Views */ = {
			isa = PBXGroup;
			children = (
				CCFEAECB28EBC9850013D34F /* Login */,
				CCFEAEC528EB87230013D34F /* Register */,
				CCF84B24290C47F9008E48D5 /* TabBar */,
				CCF84B23290C47F0008E48D5 /* Feed */,
				CC59034428FC939100C9FEB1 /* Schedule */,
				CC6B499E2909E66600CBA70E /* ScheduleDetail */,
				CC67D93128E69CB600AC90A0 /* Training */,
				CCF14E66290CC7F80048FF5E /* TrainingDetail */,
				CC39388628E5EAB400CB3DBB /* Profile */,
			);
			path = Views;
			sourceTree = "<group>";
		};
		CCC955C328E3FEE70019250F /* ViewModels */ = {
			isa = PBXGroup;
			children = (
				CCF84B22290C47E2008E48D5 /* LoginViewModel */,
				CCF84B21290C47D8008E48D5 /* RegisterViewModel */,
				CC59A9292910C3090040B83D /* Feed */,
				CC59035328FCCA7700C9FEB1 /* Schedule */,
				CC574780290B76A800B272B9 /* ScheduleDetail */,
				CCF14E5F290C9B370048FF5E /* TrainingViewModel */,
				CCEC5F81290DA21800C95431 /* TrainingDetail */,
				CCF84B20290C47CC008E48D5 /* ProfileViewModel */,
			);
			path = ViewModels;
			sourceTree = "<group>";
		};
		CCC955C428E3FF0F0019250F /* Service */ = {
			isa = PBXGroup;
			children = (
				CCFEAEA028EB38160013D34F /* AuthService.swift */,
				CC59A92E2910C53E0040B83D /* PostService.swift */,
				CC59035428FCCC2200C9FEB1 /* TrainingHoursService.swift */,
				CCC955C128E3FEAB0019250F /* Models */,
			);
			path = Service;
			sourceTree = "<group>";
		};
		CCC955C728E4052C0019250F /* Common */ = {
			isa = PBXGroup;
			children = (
				CC9B5FED28EA90C9004F4B55 /* Constants */,
				CC585DB528E51FC4008E78BB /* Entensions */,
				CCC955C828E4053E0019250F /* ViewCode.swift */,
			);
			path = Common;
			sourceTree = "<group>";
		};
		CCEC5F81290DA21800C95431 /* TrainingDetail */ = {
			isa = PBXGroup;
			children = (
				CCEC5F82290DA22B00C95431 /* TrainingViewModel.swift */,
			);
			path = TrainingDetail;
			sourceTree = "<group>";
		};
		CCF14E5B290C96870048FF5E /* Screen */ = {
			isa = PBXGroup;
			children = (
				CCF14E5C290C96920048FF5E /* Cell */,
				CCF14E5D290C96AE0048FF5E /* TrainingScreen.swift */,
			);
			path = Screen;
			sourceTree = "<group>";
		};
		CCF14E5C290C96920048FF5E /* Cell */ = {
			isa = PBXGroup;
			children = (
				CC67D93228E69CD500AC90A0 /* TrainingCell.swift */,
			);
			path = Cell;
			sourceTree = "<group>";
		};
		CCF14E5F290C9B370048FF5E /* TrainingViewModel */ = {
			isa = PBXGroup;
			children = (
				CCF14E60290C9B620048FF5E /* TrainingsViewModel.swift */,
				CCF14E62290C9BAC0048FF5E /* TrainingUserSection.swift */,
				CCF14E64290C9BD50048FF5E /* TrainingDetailViewModel.swift */,
			);
			path = TrainingViewModel;
			sourceTree = "<group>";
		};
		CCF14E66290CC7F80048FF5E /* TrainingDetail */ = {
			isa = PBXGroup;
			children = (
				CCF14E67290CC8040048FF5E /* Screen */,
				CCF14E68290CC81F0048FF5E /* TrainingDetailViewController.swift */,
			);
			path = TrainingDetail;
			sourceTree = "<group>";
		};
		CCF14E67290CC8040048FF5E /* Screen */ = {
			isa = PBXGroup;
			children = (
				CCF14E6A290CC8310048FF5E /* TrainingDetailScreen.swift */,
			);
			path = Screen;
			sourceTree = "<group>";
		};
		CCF84B20290C47CC008E48D5 /* ProfileViewModel */ = {
			isa = PBXGroup;
			children = (
				CC23F1C428F8D062005F6667 /* ProfileViewModel.swift */,
			);
			path = ProfileViewModel;
			sourceTree = "<group>";
		};
		CCF84B21290C47D8008E48D5 /* RegisterViewModel */ = {
			isa = PBXGroup;
			children = (
				CCFEAEC828EB8E9C0013D34F /* RegisterViewModel.swift */,
			);
			path = RegisterViewModel;
			sourceTree = "<group>";
		};
		CCF84B22290C47E2008E48D5 /* LoginViewModel */ = {
			isa = PBXGroup;
			children = (
				CCB8809E28F63467007EF254 /* LoginViewModel.swift */,
			);
			path = LoginViewModel;
			sourceTree = "<group>";
		};
		CCF84B23290C47F0008E48D5 /* Feed */ = {
			isa = PBXGroup;
			children = (
				CC59A9232910AAB00040B83D /* Screen */,
				CC585DBA28E522C8008E78BB /* FeedViewController.swift */,
			);
			path = Feed;
			sourceTree = "<group>";
		};
		CCF84B24290C47F9008E48D5 /* TabBar */ = {
			isa = PBXGroup;
			children = (
				CC585DB828E52281008E78BB /* TabBarViewController.swift */,
			);
			path = TabBar;
			sourceTree = "<group>";
		};
		CCFEAEA428EB3A990013D34F /* Login */ = {
			isa = PBXGroup;
			children = (
				CCFEAEA528EB3AAB0013D34F /* Authentication.swift */,
				CCFEAEA728EB3AC10013D34F /* UserResponse.swift */,
			);
			path = Login;
			sourceTree = "<group>";
		};
		CCFEAEB728EB3BCD0013D34F /* Feed */ = {
			isa = PBXGroup;
			children = (
				CCFEAEB828EB3BD90013D34F /* Post.swift */,
				CCFEAEBA28EB3BE40013D34F /* LikePost.swift */,
				CCFEAEBC28EB3BEF0013D34F /* CommentPost.swift */,
			);
			path = Feed;
			sourceTree = "<group>";
		};
		CCFEAEBE28EB3C3A0013D34F /* Training */ = {
			isa = PBXGroup;
			children = (
				CCFEAEBF28EB3C4C0013D34F /* Training.swift */,
				CCFEAEC128EB3C5D0013D34F /* TrainingUser.swift */,
				CCFEAEC328EB3C6E0013D34F /* TrainingHours.swift */,
			);
			path = Training;
			sourceTree = "<group>";
		};
		CCFEAEC528EB87230013D34F /* Register */ = {
			isa = PBXGroup;
			children = (
				CCFEAECA28EBC8930013D34F /* Screen */,
				CC585DB328E513DF008E78BB /* RegisterViewController.swift */,
			);
			path = Register;
			sourceTree = "<group>";
		};
		CCFEAECA28EBC8930013D34F /* Screen */ = {
			isa = PBXGroup;
			children = (
				CCFEAEC628EB87370013D34F /* RegisterScreen.swift */,
			);
			path = Screen;
			sourceTree = "<group>";
		};
		CCFEAECB28EBC9850013D34F /* Login */ = {
			isa = PBXGroup;
			children = (
				CCFEAECC28EBC98C0013D34F /* Screen */,
				CCC955C528E3FF9F0019250F /* LoginViewController.swift */,
			);
			path = Login;
			sourceTree = "<group>";
		};
		CCFEAECC28EBC98C0013D34F /* Screen */ = {
			isa = PBXGroup;
			children = (
				CCFEAECD28EBC9970013D34F /* LoginScreen.swift */,
			);
			path = Screen;
			sourceTree = "<group>";
		};
/* End PBXGroup section */

/* Begin PBXNativeTarget section */
		CC39EBE928E3FA6F005AE3AB /* ArmyFitViewCode */ = {
			isa = PBXNativeTarget;
			buildConfigurationList = CC39EC1428E3FA70005AE3AB /* Build configuration list for PBXNativeTarget "ArmyFitViewCode" */;
			buildPhases = (
				DA14A53A63A403B96FC76186 /* [CP] Check Pods Manifest.lock */,
				CC39EBE628E3FA6F005AE3AB /* Sources */,
				CC39EBE728E3FA6F005AE3AB /* Frameworks */,
				CC39EBE828E3FA6F005AE3AB /* Resources */,
				CCDF06C99938CE77585FC49B /* [CP] Embed Pods Frameworks */,
			);
			buildRules = (
			);
			dependencies = (
			);
			name = ArmyFitViewCode;
			productName = ArmyFitViewCode;
			productReference = CC39EBEA28E3FA6F005AE3AB /* ArmyFitViewCode.app */;
			productType = "com.apple.product-type.application";
		};
		CC39EBFF28E3FA70005AE3AB /* ArmyFitViewCodeTests */ = {
			isa = PBXNativeTarget;
			buildConfigurationList = CC39EC1728E3FA70005AE3AB /* Build configuration list for PBXNativeTarget "ArmyFitViewCodeTests" */;
			buildPhases = (
				084E53A0B2B599FE82B44056 /* [CP] Check Pods Manifest.lock */,
				CC39EBFC28E3FA70005AE3AB /* Sources */,
				CC39EBFD28E3FA70005AE3AB /* Frameworks */,
				CC39EBFE28E3FA70005AE3AB /* Resources */,
			);
			buildRules = (
			);
			dependencies = (
				CC39EC0228E3FA70005AE3AB /* PBXTargetDependency */,
			);
			name = ArmyFitViewCodeTests;
			productName = ArmyFitViewCodeTests;
			productReference = CC39EC0028E3FA70005AE3AB /* ArmyFitViewCodeTests.xctest */;
			productType = "com.apple.product-type.bundle.unit-test";
		};
		CC39EC0928E3FA70005AE3AB /* ArmyFitViewCodeUITests */ = {
			isa = PBXNativeTarget;
			buildConfigurationList = CC39EC1A28E3FA70005AE3AB /* Build configuration list for PBXNativeTarget "ArmyFitViewCodeUITests" */;
			buildPhases = (
				863D2E7C304E0D33865C31A2 /* [CP] Check Pods Manifest.lock */,
				CC39EC0628E3FA70005AE3AB /* Sources */,
				CC39EC0728E3FA70005AE3AB /* Frameworks */,
				CC39EC0828E3FA70005AE3AB /* Resources */,
				176F76063207344F26D8DD6B /* [CP] Embed Pods Frameworks */,
			);
			buildRules = (
			);
			dependencies = (
				CC39EC0C28E3FA70005AE3AB /* PBXTargetDependency */,
			);
			name = ArmyFitViewCodeUITests;
			productName = ArmyFitViewCodeUITests;
			productReference = CC39EC0A28E3FA70005AE3AB /* ArmyFitViewCodeUITests.xctest */;
			productType = "com.apple.product-type.bundle.ui-testing";
		};
/* End PBXNativeTarget section */

/* Begin PBXProject section */
		CC39EBE228E3FA6F005AE3AB /* Project object */ = {
			isa = PBXProject;
			attributes = {
				BuildIndependentTargetsInParallel = 1;
				LastSwiftUpdateCheck = 1340;
				LastUpgradeCheck = 1340;
				TargetAttributes = {
					CC39EBE928E3FA6F005AE3AB = {
						CreatedOnToolsVersion = 13.4.1;
						LastSwiftMigration = 1400;
					};
					CC39EBFF28E3FA70005AE3AB = {
						CreatedOnToolsVersion = 13.4.1;
						TestTargetID = CC39EBE928E3FA6F005AE3AB;
					};
					CC39EC0928E3FA70005AE3AB = {
						CreatedOnToolsVersion = 13.4.1;
						TestTargetID = CC39EBE928E3FA6F005AE3AB;
					};
				};
			};
			buildConfigurationList = CC39EBE528E3FA6F005AE3AB /* Build configuration list for PBXProject "ArmyFitViewCode" */;
			compatibilityVersion = "Xcode 13.0";
			developmentRegion = en;
			hasScannedForEncodings = 0;
			knownRegions = (
				en,
				"pt-BR",
				Base,
			);
			mainGroup = CC39EBE128E3FA6F005AE3AB;
			productRefGroup = CC39EBEB28E3FA6F005AE3AB /* Products */;
			projectDirPath = "";
			projectRoot = "";
			targets = (
				CC39EBE928E3FA6F005AE3AB /* ArmyFitViewCode */,
				CC39EBFF28E3FA70005AE3AB /* ArmyFitViewCodeTests */,
				CC39EC0928E3FA70005AE3AB /* ArmyFitViewCodeUITests */,
			);
		};
/* End PBXProject section */

/* Begin PBXResourcesBuildPhase section */
		CC39EBE828E3FA6F005AE3AB /* Resources */ = {
			isa = PBXResourcesBuildPhase;
			buildActionMask = 2147483647;
			files = (
				CC39EBFA28E3FA70005AE3AB /* LaunchScreen.storyboard in Resources */,
				CC39EBF728E3FA70005AE3AB /* Assets.xcassets in Resources */,
			);
			runOnlyForDeploymentPostprocessing = 0;
		};
		CC39EBFE28E3FA70005AE3AB /* Resources */ = {
			isa = PBXResourcesBuildPhase;
			buildActionMask = 2147483647;
			files = (
			);
			runOnlyForDeploymentPostprocessing = 0;
		};
		CC39EC0828E3FA70005AE3AB /* Resources */ = {
			isa = PBXResourcesBuildPhase;
			buildActionMask = 2147483647;
			files = (
			);
			runOnlyForDeploymentPostprocessing = 0;
		};
/* End PBXResourcesBuildPhase section */

/* Begin PBXShellScriptBuildPhase section */
		084E53A0B2B599FE82B44056 /* [CP] Check Pods Manifest.lock */ = {
			isa = PBXShellScriptBuildPhase;
			buildActionMask = 2147483647;
			files = (
			);
			inputFileListPaths = (
			);
			inputPaths = (
				"${PODS_PODFILE_DIR_PATH}/Podfile.lock",
				"${PODS_ROOT}/Manifest.lock",
			);
			name = "[CP] Check Pods Manifest.lock";
			outputFileListPaths = (
			);
			outputPaths = (
				"$(DERIVED_FILE_DIR)/Pods-ArmyFitViewCodeTests-checkManifestLockResult.txt",
			);
			runOnlyForDeploymentPostprocessing = 0;
			shellPath = /bin/sh;
			shellScript = "diff \"${PODS_PODFILE_DIR_PATH}/Podfile.lock\" \"${PODS_ROOT}/Manifest.lock\" > /dev/null\nif [ $? != 0 ] ; then\n    # print error to STDERR\n    echo \"error: The sandbox is not in sync with the Podfile.lock. Run 'pod install' or update your CocoaPods installation.\" >&2\n    exit 1\nfi\n# This output is used by Xcode 'outputs' to avoid re-running this script phase.\necho \"SUCCESS\" > \"${SCRIPT_OUTPUT_FILE_0}\"\n";
			showEnvVarsInLog = 0;
		};
		176F76063207344F26D8DD6B /* [CP] Embed Pods Frameworks */ = {
			isa = PBXShellScriptBuildPhase;
			buildActionMask = 2147483647;
			files = (
			);
			inputFileListPaths = (
				"${PODS_ROOT}/Target Support Files/Pods-ArmyFitViewCode-ArmyFitViewCodeUITests/Pods-ArmyFitViewCode-ArmyFitViewCodeUITests-frameworks-${CONFIGURATION}-input-files.xcfilelist",
			);
			name = "[CP] Embed Pods Frameworks";
			outputFileListPaths = (
				"${PODS_ROOT}/Target Support Files/Pods-ArmyFitViewCode-ArmyFitViewCodeUITests/Pods-ArmyFitViewCode-ArmyFitViewCodeUITests-frameworks-${CONFIGURATION}-output-files.xcfilelist",
			);
			runOnlyForDeploymentPostprocessing = 0;
			shellPath = /bin/sh;
			shellScript = "\"${PODS_ROOT}/Target Support Files/Pods-ArmyFitViewCode-ArmyFitViewCodeUITests/Pods-ArmyFitViewCode-ArmyFitViewCodeUITests-frameworks.sh\"\n";
			showEnvVarsInLog = 0;
		};
		863D2E7C304E0D33865C31A2 /* [CP] Check Pods Manifest.lock */ = {
			isa = PBXShellScriptBuildPhase;
			buildActionMask = 2147483647;
			files = (
			);
			inputFileListPaths = (
			);
			inputPaths = (
				"${PODS_PODFILE_DIR_PATH}/Podfile.lock",
				"${PODS_ROOT}/Manifest.lock",
			);
			name = "[CP] Check Pods Manifest.lock";
			outputFileListPaths = (
			);
			outputPaths = (
				"$(DERIVED_FILE_DIR)/Pods-ArmyFitViewCode-ArmyFitViewCodeUITests-checkManifestLockResult.txt",
			);
			runOnlyForDeploymentPostprocessing = 0;
			shellPath = /bin/sh;
			shellScript = "diff \"${PODS_PODFILE_DIR_PATH}/Podfile.lock\" \"${PODS_ROOT}/Manifest.lock\" > /dev/null\nif [ $? != 0 ] ; then\n    # print error to STDERR\n    echo \"error: The sandbox is not in sync with the Podfile.lock. Run 'pod install' or update your CocoaPods installation.\" >&2\n    exit 1\nfi\n# This output is used by Xcode 'outputs' to avoid re-running this script phase.\necho \"SUCCESS\" > \"${SCRIPT_OUTPUT_FILE_0}\"\n";
			showEnvVarsInLog = 0;
		};
		CCDF06C99938CE77585FC49B /* [CP] Embed Pods Frameworks */ = {
			isa = PBXShellScriptBuildPhase;
			buildActionMask = 2147483647;
			files = (
			);
			inputFileListPaths = (
				"${PODS_ROOT}/Target Support Files/Pods-ArmyFitViewCode/Pods-ArmyFitViewCode-frameworks-${CONFIGURATION}-input-files.xcfilelist",
			);
			name = "[CP] Embed Pods Frameworks";
			outputFileListPaths = (
				"${PODS_ROOT}/Target Support Files/Pods-ArmyFitViewCode/Pods-ArmyFitViewCode-frameworks-${CONFIGURATION}-output-files.xcfilelist",
			);
			runOnlyForDeploymentPostprocessing = 0;
			shellPath = /bin/sh;
			shellScript = "\"${PODS_ROOT}/Target Support Files/Pods-ArmyFitViewCode/Pods-ArmyFitViewCode-frameworks.sh\"\n";
			showEnvVarsInLog = 0;
		};
		DA14A53A63A403B96FC76186 /* [CP] Check Pods Manifest.lock */ = {
			isa = PBXShellScriptBuildPhase;
			buildActionMask = 2147483647;
			files = (
			);
			inputFileListPaths = (
			);
			inputPaths = (
				"${PODS_PODFILE_DIR_PATH}/Podfile.lock",
				"${PODS_ROOT}/Manifest.lock",
			);
			name = "[CP] Check Pods Manifest.lock";
			outputFileListPaths = (
			);
			outputPaths = (
				"$(DERIVED_FILE_DIR)/Pods-ArmyFitViewCode-checkManifestLockResult.txt",
			);
			runOnlyForDeploymentPostprocessing = 0;
			shellPath = /bin/sh;
			shellScript = "diff \"${PODS_PODFILE_DIR_PATH}/Podfile.lock\" \"${PODS_ROOT}/Manifest.lock\" > /dev/null\nif [ $? != 0 ] ; then\n    # print error to STDERR\n    echo \"error: The sandbox is not in sync with the Podfile.lock. Run 'pod install' or update your CocoaPods installation.\" >&2\n    exit 1\nfi\n# This output is used by Xcode 'outputs' to avoid re-running this script phase.\necho \"SUCCESS\" > \"${SCRIPT_OUTPUT_FILE_0}\"\n";
			showEnvVarsInLog = 0;
		};
/* End PBXShellScriptBuildPhase section */

/* Begin PBXSourcesBuildPhase section */
		CC39EBE628E3FA6F005AE3AB /* Sources */ = {
			isa = PBXSourcesBuildPhase;
			buildActionMask = 2147483647;
			files = (
				CC39388828E5EADF00CB3DBB /* ProfileCell.swift in Sources */,
				CCFEAEB928EB3BD90013D34F /* Post.swift in Sources */,
				CCEC5F83290DA22B00C95431 /* TrainingViewModel.swift in Sources */,
				CCFEAEC228EB3C5D0013D34F /* TrainingUser.swift in Sources */,
				CCF14E69290CC81F0048FF5E /* TrainingDetailViewController.swift in Sources */,
				CC59035228FCCA6F00C9FEB1 /* ScheduleViewModel.swift in Sources */,
				CC585DBF28E522F0008E78BB /* TrainingViewController.swift in Sources */,
				CC59A9282910B32A0040B83D /* PostCell.swift in Sources */,
				CCC955C628E3FF9F0019250F /* LoginViewController.swift in Sources */,
				CC23F1C228F8CD32005F6667 /* ProfileScreen.swift in Sources */,
				CC574784290B774B00B272B9 /* RegisterTrainingViewModel.swift in Sources */,
				CCFEAEA628EB3AAB0013D34F /* Authentication.swift in Sources */,
				CCFEAEA128EB38160013D34F /* AuthService.swift in Sources */,
				CC585DB428E513DF008E78BB /* RegisterViewController.swift in Sources */,
				CC39388528E5EA9000CB3DBB /* UITableView+Extensions.swift in Sources */,
				CC59035B28FCF29F00C9FEB1 /* DayViewModel.swift in Sources */,
				CC59A92D2910C4F10040B83D /* FeedViewModel.swift in Sources */,
				CC59034628FC93E200C9FEB1 /* DateCell.swift in Sources */,
				CC67D93328E69CD500AC90A0 /* TrainingCell.swift in Sources */,
				CC59A92B2910C31E0040B83D /* PostViewModel.swift in Sources */,
				CCFEAEBB28EB3BE40013D34F /* LikePost.swift in Sources */,
				CC585DB728E52032008E78BB /* UIViewControllerExtensions.swift in Sources */,
				CC585DBD28E522DD008E78BB /* ScheduleViewController.swift in Sources */,
				CC23F1C528F8D062005F6667 /* ProfileViewModel.swift in Sources */,
				CC59034E28FC995100C9FEB1 /* UICollectionView+Extension.swift in Sources */,
				CC59035528FCCC2200C9FEB1 /* TrainingHoursService.swift in Sources */,
				CC39EBEE28E3FA6F005AE3AB /* AppDelegate.swift in Sources */,
				CCFEAEBD28EB3BEF0013D34F /* CommentPost.swift in Sources */,
				CC59035028FCC8D800C9FEB1 /* SchedulesViewModel.swift in Sources */,
				CC59035728FCCD3700C9FEB1 /* String+Extension.swift in Sources */,
				CCFEAEA828EB3AC10013D34F /* UserResponse.swift in Sources */,
				CC585DC128E52318008E78BB /* ProfileViewController.swift in Sources */,
				CC585DB928E52281008E78BB /* TabBarViewController.swift in Sources */,
				CCFEAEC428EB3C6E0013D34F /* TrainingHours.swift in Sources */,
				CC59035928FCCDE400C9FEB1 /* Date+Extension.swift in Sources */,
				CC59034828FC93FB00C9FEB1 /* ScheduleCell.swift in Sources */,
				CC6B49A62909F3B900CBA70E /* ScheduleDetailViewController.swift in Sources */,
				CC9B5FEF28EA90D6004F4B55 /* Errors.swift in Sources */,
				CCF14E6B290CC8310048FF5E /* TrainingDetailScreen.swift in Sources */,
				CCF14E61290C9B620048FF5E /* TrainingsViewModel.swift in Sources */,
				CCF14E63290C9BAC0048FF5E /* TrainingUserSection.swift in Sources */,
				CC39EBF028E3FA6F005AE3AB /* SceneDelegate.swift in Sources */,
				CC574782290B76CB00B272B9 /* ScheduleDetailViewModel.swift in Sources */,
				CC57477F290B6EE300B272B9 /* UserDetailCell.swift in Sources */,
				CC59034C28FC943D00C9FEB1 /* ScheduleScreen.swift in Sources */,
				CCB8809F28F63467007EF254 /* LoginViewModel.swift in Sources */,
				CC585DBB28E522C8008E78BB /* FeedViewController.swift in Sources */,
				CCFEAEC728EB87370013D34F /* RegisterScreen.swift in Sources */,
				CCC955C928E4053E0019250F /* ViewCode.swift in Sources */,
				CCFEAEC928EB8E9C0013D34F /* RegisterViewModel.swift in Sources */,
				CCFEAECE28EBC9970013D34F /* LoginScreen.swift in Sources */,
				CC59A92F2910C53E0040B83D /* PostService.swift in Sources */,
				CCF14E65290C9BD50048FF5E /* TrainingDetailViewModel.swift in Sources */,
				CCF14E5E290C96AE0048FF5E /* TrainingScreen.swift in Sources */,
				CC6B49A42909F13800CBA70E /* ScheduleDetailScreen.swift in Sources */,
				CCFEAEA328EB39890013D34F /* User.swift in Sources */,
				CC23F1BC28F8BC05005F6667 /* UserDefaults+Extension.swift in Sources */,
				CCFEAEC028EB3C4C0013D34F /* Training.swift in Sources */,
				CC59A9262910AAD30040B83D /* FeedScreen.swift in Sources */,
			);
			runOnlyForDeploymentPostprocessing = 0;
		};
		CC39EBFC28E3FA70005AE3AB /* Sources */ = {
			isa = PBXSourcesBuildPhase;
			buildActionMask = 2147483647;
			files = (
				CC39EC0528E3FA70005AE3AB /* ArmyFitViewCodeTests.swift in Sources */,
			);
			runOnlyForDeploymentPostprocessing = 0;
		};
		CC39EC0628E3FA70005AE3AB /* Sources */ = {
			isa = PBXSourcesBuildPhase;
			buildActionMask = 2147483647;
			files = (
				CC39EC0F28E3FA70005AE3AB /* ArmyFitViewCodeUITests.swift in Sources */,
				CC39EC1128E3FA70005AE3AB /* ArmyFitViewCodeUITestsLaunchTests.swift in Sources */,
			);
			runOnlyForDeploymentPostprocessing = 0;
		};
/* End PBXSourcesBuildPhase section */

/* Begin PBXTargetDependency section */
		CC39EC0228E3FA70005AE3AB /* PBXTargetDependency */ = {
			isa = PBXTargetDependency;
			target = CC39EBE928E3FA6F005AE3AB /* ArmyFitViewCode */;
			targetProxy = CC39EC0128E3FA70005AE3AB /* PBXContainerItemProxy */;
		};
		CC39EC0C28E3FA70005AE3AB /* PBXTargetDependency */ = {
			isa = PBXTargetDependency;
			target = CC39EBE928E3FA6F005AE3AB /* ArmyFitViewCode */;
			targetProxy = CC39EC0B28E3FA70005AE3AB /* PBXContainerItemProxy */;
		};
/* End PBXTargetDependency section */

/* Begin PBXVariantGroup section */
		CC39EBF828E3FA70005AE3AB /* LaunchScreen.storyboard */ = {
			isa = PBXVariantGroup;
			children = (
				CC6B499C2909E41100CBA70E /* pt-BR */,
				CC6B499D2909E42A00CBA70E /* pt-BR */,
			);
			name = LaunchScreen.storyboard;
			sourceTree = "<group>";
		};
/* End PBXVariantGroup section */

/* Begin XCBuildConfiguration section */
		CC39EC1228E3FA70005AE3AB /* Debug */ = {
			isa = XCBuildConfiguration;
			buildSettings = {
				ALWAYS_SEARCH_USER_PATHS = NO;
				CLANG_ANALYZER_LOCALIZABILITY_NONLOCALIZED = YES;
				CLANG_ANALYZER_NONNULL = YES;
				CLANG_ANALYZER_NUMBER_OBJECT_CONVERSION = YES_AGGRESSIVE;
				CLANG_CXX_LANGUAGE_STANDARD = "gnu++17";
				CLANG_ENABLE_MODULES = YES;
				CLANG_ENABLE_OBJC_ARC = YES;
				CLANG_ENABLE_OBJC_WEAK = YES;
				CLANG_WARN_BLOCK_CAPTURE_AUTORELEASING = YES;
				CLANG_WARN_BOOL_CONVERSION = YES;
				CLANG_WARN_COMMA = YES;
				CLANG_WARN_CONSTANT_CONVERSION = YES;
				CLANG_WARN_DEPRECATED_OBJC_IMPLEMENTATIONS = YES;
				CLANG_WARN_DIRECT_OBJC_ISA_USAGE = YES_ERROR;
				CLANG_WARN_DOCUMENTATION_COMMENTS = YES;
				CLANG_WARN_EMPTY_BODY = YES;
				CLANG_WARN_ENUM_CONVERSION = YES;
				CLANG_WARN_INFINITE_RECURSION = YES;
				CLANG_WARN_INT_CONVERSION = YES;
				CLANG_WARN_NON_LITERAL_NULL_CONVERSION = YES;
				CLANG_WARN_OBJC_IMPLICIT_RETAIN_SELF = YES;
				CLANG_WARN_OBJC_LITERAL_CONVERSION = YES;
				CLANG_WARN_OBJC_ROOT_CLASS = YES_ERROR;
				CLANG_WARN_QUOTED_INCLUDE_IN_FRAMEWORK_HEADER = YES;
				CLANG_WARN_RANGE_LOOP_ANALYSIS = YES;
				CLANG_WARN_STRICT_PROTOTYPES = YES;
				CLANG_WARN_SUSPICIOUS_MOVE = YES;
				CLANG_WARN_UNGUARDED_AVAILABILITY = YES_AGGRESSIVE;
				CLANG_WARN_UNREACHABLE_CODE = YES;
				CLANG_WARN__DUPLICATE_METHOD_MATCH = YES;
				COPY_PHASE_STRIP = NO;
				DEBUG_INFORMATION_FORMAT = dwarf;
				ENABLE_STRICT_OBJC_MSGSEND = YES;
				ENABLE_TESTABILITY = YES;
				GCC_C_LANGUAGE_STANDARD = gnu11;
				GCC_DYNAMIC_NO_PIC = NO;
				GCC_NO_COMMON_BLOCKS = YES;
				GCC_OPTIMIZATION_LEVEL = 0;
				GCC_PREPROCESSOR_DEFINITIONS = (
					"DEBUG=1",
					"$(inherited)",
				);
				GCC_WARN_64_TO_32_BIT_CONVERSION = YES;
				GCC_WARN_ABOUT_RETURN_TYPE = YES_ERROR;
				GCC_WARN_UNDECLARED_SELECTOR = YES;
				GCC_WARN_UNINITIALIZED_AUTOS = YES_AGGRESSIVE;
				GCC_WARN_UNUSED_FUNCTION = YES;
				GCC_WARN_UNUSED_VARIABLE = YES;
				IPHONEOS_DEPLOYMENT_TARGET = 13.0;
				MTL_ENABLE_DEBUG_INFO = INCLUDE_SOURCE;
				MTL_FAST_MATH = YES;
				ONLY_ACTIVE_ARCH = YES;
				SDKROOT = iphoneos;
				SWIFT_ACTIVE_COMPILATION_CONDITIONS = DEBUG;
				SWIFT_OPTIMIZATION_LEVEL = "-Onone";
			};
			name = Debug;
		};
		CC39EC1328E3FA70005AE3AB /* Release */ = {
			isa = XCBuildConfiguration;
			buildSettings = {
				ALWAYS_SEARCH_USER_PATHS = NO;
				CLANG_ANALYZER_LOCALIZABILITY_NONLOCALIZED = YES;
				CLANG_ANALYZER_NONNULL = YES;
				CLANG_ANALYZER_NUMBER_OBJECT_CONVERSION = YES_AGGRESSIVE;
				CLANG_CXX_LANGUAGE_STANDARD = "gnu++17";
				CLANG_ENABLE_MODULES = YES;
				CLANG_ENABLE_OBJC_ARC = YES;
				CLANG_ENABLE_OBJC_WEAK = YES;
				CLANG_WARN_BLOCK_CAPTURE_AUTORELEASING = YES;
				CLANG_WARN_BOOL_CONVERSION = YES;
				CLANG_WARN_COMMA = YES;
				CLANG_WARN_CONSTANT_CONVERSION = YES;
				CLANG_WARN_DEPRECATED_OBJC_IMPLEMENTATIONS = YES;
				CLANG_WARN_DIRECT_OBJC_ISA_USAGE = YES_ERROR;
				CLANG_WARN_DOCUMENTATION_COMMENTS = YES;
				CLANG_WARN_EMPTY_BODY = YES;
				CLANG_WARN_ENUM_CONVERSION = YES;
				CLANG_WARN_INFINITE_RECURSION = YES;
				CLANG_WARN_INT_CONVERSION = YES;
				CLANG_WARN_NON_LITERAL_NULL_CONVERSION = YES;
				CLANG_WARN_OBJC_IMPLICIT_RETAIN_SELF = YES;
				CLANG_WARN_OBJC_LITERAL_CONVERSION = YES;
				CLANG_WARN_OBJC_ROOT_CLASS = YES_ERROR;
				CLANG_WARN_QUOTED_INCLUDE_IN_FRAMEWORK_HEADER = YES;
				CLANG_WARN_RANGE_LOOP_ANALYSIS = YES;
				CLANG_WARN_STRICT_PROTOTYPES = YES;
				CLANG_WARN_SUSPICIOUS_MOVE = YES;
				CLANG_WARN_UNGUARDED_AVAILABILITY = YES_AGGRESSIVE;
				CLANG_WARN_UNREACHABLE_CODE = YES;
				CLANG_WARN__DUPLICATE_METHOD_MATCH = YES;
				COPY_PHASE_STRIP = NO;
				DEBUG_INFORMATION_FORMAT = "dwarf-with-dsym";
				ENABLE_NS_ASSERTIONS = NO;
				ENABLE_STRICT_OBJC_MSGSEND = YES;
				GCC_C_LANGUAGE_STANDARD = gnu11;
				GCC_NO_COMMON_BLOCKS = YES;
				GCC_WARN_64_TO_32_BIT_CONVERSION = YES;
				GCC_WARN_ABOUT_RETURN_TYPE = YES_ERROR;
				GCC_WARN_UNDECLARED_SELECTOR = YES;
				GCC_WARN_UNINITIALIZED_AUTOS = YES_AGGRESSIVE;
				GCC_WARN_UNUSED_FUNCTION = YES;
				GCC_WARN_UNUSED_VARIABLE = YES;
				IPHONEOS_DEPLOYMENT_TARGET = 13.0;
				MTL_ENABLE_DEBUG_INFO = NO;
				MTL_FAST_MATH = YES;
				SDKROOT = iphoneos;
				SWIFT_COMPILATION_MODE = wholemodule;
				SWIFT_OPTIMIZATION_LEVEL = "-O";
				VALIDATE_PRODUCT = YES;
			};
			name = Release;
		};
		CC39EC1528E3FA70005AE3AB /* Debug */ = {
			isa = XCBuildConfiguration;
			baseConfigurationReference = BBBFFCF7FEE1CEF4EBBC8ED2 /* Pods-ArmyFitViewCode.debug.xcconfig */;
			buildSettings = {
				ASSETCATALOG_COMPILER_APPICON_NAME = AppIcon;
				ASSETCATALOG_COMPILER_GLOBAL_ACCENT_COLOR_NAME = AccentColor;
				CLANG_ENABLE_MODULES = YES;
				CODE_SIGN_STYLE = Automatic;
				CURRENT_PROJECT_VERSION = 1;
				DEVELOPMENT_TEAM = L859KY23VK;
				GENERATE_INFOPLIST_FILE = YES;
				INFOPLIST_FILE = ArmyFitViewCode/Info.plist;
				INFOPLIST_KEY_UIApplicationSupportsIndirectInputEvents = YES;
				INFOPLIST_KEY_UILaunchStoryboardName = LaunchScreen;
				INFOPLIST_KEY_UISupportedInterfaceOrientations_iPad = "UIInterfaceOrientationPortrait UIInterfaceOrientationPortraitUpsideDown UIInterfaceOrientationLandscapeLeft UIInterfaceOrientationLandscapeRight";
				INFOPLIST_KEY_UISupportedInterfaceOrientations_iPhone = "UIInterfaceOrientationPortrait UIInterfaceOrientationLandscapeLeft UIInterfaceOrientationLandscapeRight";
				IPHONEOS_DEPLOYMENT_TARGET = 13.0;
				LD_RUNPATH_SEARCH_PATHS = (
					"$(inherited)",
					"@executable_path/Frameworks",
				);
				MARKETING_VERSION = 1.0;
				PRODUCT_BUNDLE_IDENTIFIER = com.jeanlucas.ArmyFitViewCode;
				PRODUCT_NAME = "$(TARGET_NAME)";
				SWIFT_EMIT_LOC_STRINGS = YES;
				SWIFT_OPTIMIZATION_LEVEL = "-Onone";
				SWIFT_VERSION = 5.0;
				TARGETED_DEVICE_FAMILY = 1;
			};
			name = Debug;
		};
		CC39EC1628E3FA70005AE3AB /* Release */ = {
			isa = XCBuildConfiguration;
			baseConfigurationReference = A59C172229001CC33AD16DB7 /* Pods-ArmyFitViewCode.release.xcconfig */;
			buildSettings = {
				ASSETCATALOG_COMPILER_APPICON_NAME = AppIcon;
				ASSETCATALOG_COMPILER_GLOBAL_ACCENT_COLOR_NAME = AccentColor;
				CLANG_ENABLE_MODULES = YES;
				CODE_SIGN_STYLE = Automatic;
				CURRENT_PROJECT_VERSION = 1;
				DEVELOPMENT_TEAM = L859KY23VK;
				GENERATE_INFOPLIST_FILE = YES;
				INFOPLIST_FILE = ArmyFitViewCode/Info.plist;
				INFOPLIST_KEY_UIApplicationSupportsIndirectInputEvents = YES;
				INFOPLIST_KEY_UILaunchStoryboardName = LaunchScreen;
				INFOPLIST_KEY_UISupportedInterfaceOrientations_iPad = "UIInterfaceOrientationPortrait UIInterfaceOrientationPortraitUpsideDown UIInterfaceOrientationLandscapeLeft UIInterfaceOrientationLandscapeRight";
				INFOPLIST_KEY_UISupportedInterfaceOrientations_iPhone = "UIInterfaceOrientationPortrait UIInterfaceOrientationLandscapeLeft UIInterfaceOrientationLandscapeRight";
				IPHONEOS_DEPLOYMENT_TARGET = 13.0;
				LD_RUNPATH_SEARCH_PATHS = (
					"$(inherited)",
					"@executable_path/Frameworks",
				);
				MARKETING_VERSION = 1.0;
				PRODUCT_BUNDLE_IDENTIFIER = com.jeanlucas.ArmyFitViewCode;
				PRODUCT_NAME = "$(TARGET_NAME)";
				SWIFT_EMIT_LOC_STRINGS = YES;
				SWIFT_VERSION = 5.0;
				TARGETED_DEVICE_FAMILY = 1;
			};
			name = Release;
		};
		CC39EC1828E3FA70005AE3AB /* Debug */ = {
			isa = XCBuildConfiguration;
			baseConfigurationReference = 70DC0673F3CECCC5EB9B3DF7 /* Pods-ArmyFitViewCodeTests.debug.xcconfig */;
			buildSettings = {
				ALWAYS_EMBED_SWIFT_STANDARD_LIBRARIES = YES;
				BUNDLE_LOADER = "$(TEST_HOST)";
				CODE_SIGN_STYLE = Automatic;
				CURRENT_PROJECT_VERSION = 1;
				DEVELOPMENT_TEAM = L859KY23VK;
				GENERATE_INFOPLIST_FILE = YES;
				IPHONEOS_DEPLOYMENT_TARGET = 15.5;
				MARKETING_VERSION = 1.0;
				PRODUCT_BUNDLE_IDENTIFIER = com.jeanlucas.ArmyFitViewCodeTests;
				PRODUCT_NAME = "$(TARGET_NAME)";
				SWIFT_EMIT_LOC_STRINGS = NO;
				SWIFT_VERSION = 5.0;
				TARGETED_DEVICE_FAMILY = "1,2";
				TEST_HOST = "$(BUILT_PRODUCTS_DIR)/ArmyFitViewCode.app/ArmyFitViewCode";
			};
			name = Debug;
		};
		CC39EC1928E3FA70005AE3AB /* Release */ = {
			isa = XCBuildConfiguration;
			baseConfigurationReference = 8FCB81BFB81471819D96806E /* Pods-ArmyFitViewCodeTests.release.xcconfig */;
			buildSettings = {
				ALWAYS_EMBED_SWIFT_STANDARD_LIBRARIES = YES;
				BUNDLE_LOADER = "$(TEST_HOST)";
				CODE_SIGN_STYLE = Automatic;
				CURRENT_PROJECT_VERSION = 1;
				DEVELOPMENT_TEAM = L859KY23VK;
				GENERATE_INFOPLIST_FILE = YES;
				IPHONEOS_DEPLOYMENT_TARGET = 15.5;
				MARKETING_VERSION = 1.0;
				PRODUCT_BUNDLE_IDENTIFIER = com.jeanlucas.ArmyFitViewCodeTests;
				PRODUCT_NAME = "$(TARGET_NAME)";
				SWIFT_EMIT_LOC_STRINGS = NO;
				SWIFT_VERSION = 5.0;
				TARGETED_DEVICE_FAMILY = "1,2";
				TEST_HOST = "$(BUILT_PRODUCTS_DIR)/ArmyFitViewCode.app/ArmyFitViewCode";
			};
			name = Release;
		};
		CC39EC1B28E3FA70005AE3AB /* Debug */ = {
			isa = XCBuildConfiguration;
			baseConfigurationReference = A2518B88527715C0C53946C6 /* Pods-ArmyFitViewCode-ArmyFitViewCodeUITests.debug.xcconfig */;
			buildSettings = {
				ALWAYS_EMBED_SWIFT_STANDARD_LIBRARIES = YES;
				CODE_SIGN_STYLE = Automatic;
				CURRENT_PROJECT_VERSION = 1;
				DEVELOPMENT_TEAM = L859KY23VK;
				GENERATE_INFOPLIST_FILE = YES;
				MARKETING_VERSION = 1.0;
				PRODUCT_BUNDLE_IDENTIFIER = com.jeanlucas.ArmyFitViewCodeUITests;
				PRODUCT_NAME = "$(TARGET_NAME)";
				SWIFT_EMIT_LOC_STRINGS = NO;
				SWIFT_VERSION = 5.0;
				TARGETED_DEVICE_FAMILY = "1,2";
				TEST_TARGET_NAME = ArmyFitViewCode;
			};
			name = Debug;
		};
		CC39EC1C28E3FA70005AE3AB /* Release */ = {
			isa = XCBuildConfiguration;
			baseConfigurationReference = E8DECF0CD7FC39E035FC6524 /* Pods-ArmyFitViewCode-ArmyFitViewCodeUITests.release.xcconfig */;
			buildSettings = {
				ALWAYS_EMBED_SWIFT_STANDARD_LIBRARIES = YES;
				CODE_SIGN_STYLE = Automatic;
				CURRENT_PROJECT_VERSION = 1;
				DEVELOPMENT_TEAM = L859KY23VK;
				GENERATE_INFOPLIST_FILE = YES;
				MARKETING_VERSION = 1.0;
				PRODUCT_BUNDLE_IDENTIFIER = com.jeanlucas.ArmyFitViewCodeUITests;
				PRODUCT_NAME = "$(TARGET_NAME)";
				SWIFT_EMIT_LOC_STRINGS = NO;
				SWIFT_VERSION = 5.0;
				TARGETED_DEVICE_FAMILY = "1,2";
				TEST_TARGET_NAME = ArmyFitViewCode;
			};
			name = Release;
		};
/* End XCBuildConfiguration section */

/* Begin XCConfigurationList section */
		CC39EBE528E3FA6F005AE3AB /* Build configuration list for PBXProject "ArmyFitViewCode" */ = {
			isa = XCConfigurationList;
			buildConfigurations = (
				CC39EC1228E3FA70005AE3AB /* Debug */,
				CC39EC1328E3FA70005AE3AB /* Release */,
			);
			defaultConfigurationIsVisible = 0;
			defaultConfigurationName = Release;
		};
		CC39EC1428E3FA70005AE3AB /* Build configuration list for PBXNativeTarget "ArmyFitViewCode" */ = {
			isa = XCConfigurationList;
			buildConfigurations = (
				CC39EC1528E3FA70005AE3AB /* Debug */,
				CC39EC1628E3FA70005AE3AB /* Release */,
			);
			defaultConfigurationIsVisible = 0;
			defaultConfigurationName = Release;
		};
		CC39EC1728E3FA70005AE3AB /* Build configuration list for PBXNativeTarget "ArmyFitViewCodeTests" */ = {
			isa = XCConfigurationList;
			buildConfigurations = (
				CC39EC1828E3FA70005AE3AB /* Debug */,
				CC39EC1928E3FA70005AE3AB /* Release */,
			);
			defaultConfigurationIsVisible = 0;
			defaultConfigurationName = Release;
		};
		CC39EC1A28E3FA70005AE3AB /* Build configuration list for PBXNativeTarget "ArmyFitViewCodeUITests" */ = {
			isa = XCConfigurationList;
			buildConfigurations = (
				CC39EC1B28E3FA70005AE3AB /* Debug */,
				CC39EC1C28E3FA70005AE3AB /* Release */,
			);
			defaultConfigurationIsVisible = 0;
			defaultConfigurationName = Release;
		};
/* End XCConfigurationList section */
	};
	rootObject = CC39EBE228E3FA6F005AE3AB /* Project object */;
}
